{
  "originHash" : "df58bac12b75c44cbd493b91259d86b798b4fe5cc2760ffdfd7c59d9698bd886",
  "pins" : [
    {
      "identity" : "pcp-client-ios-sdk",
      "kind" : "remoteSourceControl",
      "location" : "https://github.com/PAYONE-GmbH/PCP-client-iOS-SDK",
      "state" : {
        "revision" : "d9327061ca590963c38b059187c2f87cf9d0c517"
      }
    },
    {
      "identity" : "swiftlintplugins",
      "kind" : "remoteSourceControl",
      "location" : "https://github.com/SimplyDanny/SwiftLintPlugins",
      "state" : {
        "revision" : "9ad9487c2448b3f1265ea2cc8af246b9cae6878d",
        "version" : "0.56.1"
      }
    }
  ],
  "version" : 3
}
