// !$*UTF8*$!
{
	archiveVersion = 1;
	classes = {
	};
	objectVersion = 60;
	objects = {

/* Begin PBXBuildFile section */
		95EB6E462C7FB785005243D3 /* PCPClientSwiftDemoApp.swift in Sources */ = {isa = PBXBuildFile; fileRef = 95EB6E452C7FB785005243D3 /* PCPClientSwiftDemoApp.swift */; };
		95EB6E482C7FB785005243D3 /* ContentView.swift in Sources */ = {isa = PBXBuildFile; fileRef = 95EB6E472C7FB785005243D3 /* ContentView.swift */; };
		95EB6E4A2C7FB786005243D3 /* Assets.xcassets in Resources */ = {isa = PBXBuildFile; fileRef = 95EB6E492C7FB786005243D3 /* Assets.xcassets */; };
		95EB6E4D2C7FB786005243D3 /* Preview Assets.xcassets in Resources */ = {isa = PBXBuildFile; fileRef = 95EB6E4C2C7FB786005243D3 /* Preview Assets.xcassets */; };
		95EB6E572C7FFE28005243D3 /* ApplePayButton.swift in Sources */ = {isa = PBXBuildFile; fileRef = 95EB6E562C7FFE28005243D3 /* ApplePayButton.swift */; };
		D60421C82E24F9860008424F /* PCPClient in Frameworks */ = {isa = PBXBuildFile; productRef = D60421C72E24F9860008424F /* PCPClient */; };
		D60421CA2E24F9860008424F /* PCPClientBridge in Frameworks */ = {isa = PBXBuildFile; productRef = D60421C92E24F9860008424F /* PCPClientBridge */; };
		D60421CC2E24FA7E0008424F /* PCPClient in Frameworks */ = {isa = PBXBuildFile; productRef = D60421CB2E24FA7E0008424F /* PCPClient */; };
		D60421CE2E24FA7E0008424F /* PCPClientBridge in Frameworks */ = {isa = PBXBuildFile; productRef = D60421CD2E24FA7E0008424F /* PCPClientBridge */; };
		D63D9CF02E856C24004A8F35 /* CorePayments in Frameworks */ = {isa = PBXBuildFile; productRef = D63D9CEF2E856C24004A8F35 /* CorePayments */; };
		D63D9CF22E856C24004A8F35 /* FraudProtection in Frameworks */ = {isa = PBXBuildFile; productRef = D63D9CF12E856C24004A8F35 /* FraudProtection */; };
		D63D9CF42E856C24004A8F35 /* PayPalWebPayments in Frameworks */ = {isa = PBXBuildFile; productRef = D63D9CF32E856C24004A8F35 /* PayPalWebPayments */; };
		D63D9CF62E856C24004A8F35 /* PaymentButtons in Frameworks */ = {isa = PBXBuildFile; productRef = D63D9CF52E856C24004A8F35 /* PaymentButtons */; };
		D63D9CFB2E856D45004A8F35 /* PayPal-README.md in Resources */ = {isa = PBXBuildFile; fileRef = D63D9CF72E856D45004A8F35 /* PayPal-README.md */; };
		D63D9CFC2E856D45004A8F35 /* PayPalWebPaymentsView.swift in Sources */ = {isa = PBXBuildFile; fileRef = D63D9CFA2E856D45004A8F35 /* PayPalWebPaymentsView.swift */; };
		D63D9D082E857B64004A8F35 /* PayPalViewModel.swift in Sources */ = {isa = PBXBuildFile; fileRef = D63D9D072E857B64004A8F35 /* PayPalViewModel.swift */; };
/* End PBXBuildFile section */

/* Begin PBXFileReference section */
		95EB6E422C7FB785005243D3 /* PCPClientSwiftDemo.app */ = {isa = PBXFileReference; explicitFileType = wrapper.application; includeInIndex = 0; path = PCPClientSwiftDemo.app; sourceTree = BUILT_PRODUCTS_DIR; };
		95EB6E452C7FB785005243D3 /* PCPClientSwiftDemoApp.swift */ = {isa = PBXFileReference; lastKnownFileType = sourcecode.swift; path = PCPClientSwiftDemoApp.swift; sourceTree = "<group>"; };
		95EB6E472C7FB785005243D3 /* ContentView.swift */ = {isa = PBXFileReference; lastKnownFileType = sourcecode.swift; path = ContentView.swift; sourceTree = "<group>"; };
		95EB6E492C7FB786005243D3 /* Assets.xcassets */ = {isa = PBXFileReference; lastKnownFileType = folder.assetcatalog; path = Assets.xcassets; sourceTree = "<group>"; };
		95EB6E4C2C7FB786005243D3 /* Preview Assets.xcassets */ = {isa = PBXFileReference; lastKnownFileType = folder.assetcatalog; path = "Preview Assets.xcassets"; sourceTree = "<group>"; };
		95EB6E562C7FFE28005243D3 /* ApplePayButton.swift */ = {isa = PBXFileReference; lastKnownFileType = sourcecode.swift; path = ApplePayButton.swift; sourceTree = "<group>"; };
		D63D9CF72E856D45004A8F35 /* PayPal-README.md */ = {isa = PBXFileReference; lastKnownFileType = net.daringfireball.markdown; path = "PayPal-README.md"; sourceTree = "<group>"; };
		D63D9CFA2E856D45004A8F35 /* PayPalWebPaymentsView.swift */ = {isa = PBXFileReference; lastKnownFileType = sourcecode.swift; path = PayPalWebPaymentsView.swift; sourceTree = "<group>"; };
		D63D9D072E857B64004A8F35 /* PayPalViewModel.swift */ = {isa = PBXFileReference; lastKnownFileType = sourcecode.swift; path = PayPalViewModel.swift; sourceTree = "<group>"; };
/* End PBXFileReference section */

/* Begin PBXFrameworksBuildPhase section */
		95EB6E3F2C7FB785005243D3 /* Frameworks */ = {
			isa = PBXFrameworksBuildPhase;
			buildActionMask = 2147483647;
			files = (
				D63D9CF02E856C24004A8F35 /* CorePayments in Frameworks */,
				D60421CA2E24F9860008424F /* PCPClientBridge in Frameworks */,
				D63D9CF42E856C24004A8F35 /* PayPalWebPayments in Frameworks */,
				D63D9CF62E856C24004A8F35 /* PaymentButtons in Frameworks */,
				D63D9CF22E856C24004A8F35 /* FraudProtection in Frameworks */,
				D60421CC2E24FA7E0008424F /* PCPClient in Frameworks */,
				D60421CE2E24FA7E0008424F /* PCPClientBridge in Frameworks */,
				D60421C82E24F9860008424F /* PCPClient in Frameworks */,
			);
			runOnlyForDeploymentPostprocessing = 0;
		};
/* End PBXFrameworksBuildPhase section */

/* Begin PBXGroup section */
		95EB6E392C7FB785005243D3 = {
			isa = PBXGroup;
			children = (
				95EB6E442C7FB785005243D3 /* PCPClientSwiftDemo */,
				95EB6E432C7FB785005243D3 /* Products */,
			);
			sourceTree = "<group>";
		};
		95EB6E432C7FB785005243D3 /* Products */ = {
			isa = PBXGroup;
			children = (
				95EB6E422C7FB785005243D3 /* PCPClientSwiftDemo.app */,
			);
			name = Products;
			sourceTree = "<group>";
		};
		95EB6E442C7FB785005243D3 /* PCPClientSwiftDemo */ = {
			isa = PBXGroup;
			children = (
				D63D9D072E857B64004A8F35 /* PayPalViewModel.swift */,
				D63D9CF72E856D45004A8F35 /* PayPal-README.md */,
				D63D9CFA2E856D45004A8F35 /* PayPalWebPaymentsView.swift */,
				95EB6E452C7FB785005243D3 /* PCPClientSwiftDemoApp.swift */,
				95EB6E472C7FB785005243D3 /* ContentView.swift */,
				95EB6E492C7FB786005243D3 /* Assets.xcassets */,
				95EB6E4B2C7FB786005243D3 /* Preview Content */,
				95EB6E562C7FFE28005243D3 /* ApplePayButton.swift */,
			);
			path = PCPClientSwiftDemo;
			sourceTree = "<group>";
		};
		95EB6E4B2C7FB786005243D3 /* Preview Content */ = {
			isa = PBXGroup;
			children = (
				95EB6E4C2C7FB786005243D3 /* Preview Assets.xcassets */,
			);
			path = "Preview Content";
			sourceTree = "<group>";
		};
/* End PBXGroup section */

/* Begin PBXNativeTarget section */
		95EB6E412C7FB785005243D3 /* PCPClientSwiftDemo */ = {
			isa = PBXNativeTarget;
			buildConfigurationList = 95EB6E502C7FB786005243D3 /* Build configuration list for PBXNativeTarget "PCPClientSwiftDemo" */;
			buildPhases = (
				95EB6E3E2C7FB785005243D3 /* Sources */,
				95EB6E3F2C7FB785005243D3 /* Frameworks */,
				95EB6E402C7FB785005243D3 /* Resources */,
			);
			buildRules = (
			);
			dependencies = (
			);
			name = PCPClientSwiftDemo;
			packageProductDependencies = (
				D60421C72E24F9860008424F /* PCPClient */,
				D60421C92E24F9860008424F /* PCPClientBridge */,
				D60421CB2E24FA7E0008424F /* PCPClient */,
				D60421CD2E24FA7E0008424F /* PCPClientBridge */,
				D63D9CEF2E856C24004A8F35 /* CorePayments */,
				D63D9CF12E856C24004A8F35 /* FraudProtection */,
				D63D9CF32E856C24004A8F35 /* PayPalWebPayments */,
				D63D9CF52E856C24004A8F35 /* PaymentButtons */,
			);
			productName = PCPClientSwiftDemo;
			productReference = 95EB6E422C7FB785005243D3 /* PCPClientSwiftDemo.app */;
			productType = "com.apple.product-type.application";
		};
/* End PBXNativeTarget section */

/* Begin PBXProject section */
		95EB6E3A2C7FB785005243D3 /* Project object */ = {
			isa = PBXProject;
			attributes = {
				BuildIndependentTargetsInParallel = 1;
				LastSwiftUpdateCheck = 1540;
				LastUpgradeCheck = 1540;
				TargetAttributes = {
					95EB6E412C7FB785005243D3 = {
						CreatedOnToolsVersion = 15.4;
					};
				};
			};
			buildConfigurationList = 95EB6E3D2C7FB785005243D3 /* Build configuration list for PBXProject "PCPClientSwiftDemo" */;
			compatibilityVersion = "Xcode 14.0";
			developmentRegion = en;
			hasScannedForEncodings = 0;
			knownRegions = (
				en,
				Base,
			);
			mainGroup = 95EB6E392C7FB785005243D3;
			packageReferences = (
				D6CFD5C12E24F76300A993E7 /* XCLocalSwiftPackageReference "../../../PCP-client-iOS-SDK" */,
				D63D9CEE2E856C24004A8F35 /* XCRemoteSwiftPackageReference "paypal-ios" */,
			);
			productRefGroup = 95EB6E432C7FB785005243D3 /* Products */;
			projectDirPath = "";
			projectRoot = "";
			targets = (
				95EB6E412C7FB785005243D3 /* PCPClientSwiftDemo */,
			);
		};
/* End PBXProject section */

/* Begin PBXResourcesBuildPhase section */
		95EB6E402C7FB785005243D3 /* Resources */ = {
			isa = PBXResourcesBuildPhase;
			buildActionMask = 2147483647;
			files = (
				95EB6E4D2C7FB786005243D3 /* Preview Assets.xcassets in Resources */,
				95EB6E4A2C7FB786005243D3 /* Assets.xcassets in Resources */,
				D63D9CFB2E856D45004A8F35 /* PayPal-README.md in Resources */,
			);
			runOnlyForDeploymentPostprocessing = 0;
		};
/* End PBXResourcesBuildPhase section */

/* Begin PBXSourcesBuildPhase section */
		95EB6E3E2C7FB785005243D3 /* Sources */ = {
			isa = PBXSourcesBuildPhase;
			buildActionMask = 2147483647;
			files = (
				95EB6E572C7FFE28005243D3 /* ApplePayButton.swift in Sources */,
				95EB6E482C7FB785005243D3 /* ContentView.swift in Sources */,
				D63D9CFC2E856D45004A8F35 /* PayPalWebPaymentsView.swift in Sources */,
				D63D9D082E857B64004A8F35 /* PayPalViewModel.swift in Sources */,
				95EB6E462C7FB785005243D3 /* PCPClientSwiftDemoApp.swift in Sources */,
			);
			runOnlyForDeploymentPostprocessing = 0;
		};
/* End PBXSourcesBuildPhase section */

/* Begin XCBuildConfiguration section */
		95EB6E4E2C7FB786005243D3 /* Debug */ = {
			isa = XCBuildConfiguration;
			buildSettings = {
				ALWAYS_SEARCH_USER_PATHS = NO;
				ASSETCATALOG_COMPILER_GENERATE_SWIFT_ASSET_SYMBOL_EXTENSIONS = YES;
				CLANG_ANALYZER_NONNULL = YES;
				CLANG_ANALYZER_NUMBER_OBJECT_CONVERSION = YES_AGGRESSIVE;
				CLANG_CXX_LANGUAGE_STANDARD = "gnu++20";
				CLANG_ENABLE_MODULES = YES;
				CLANG_ENABLE_OBJC_ARC = YES;
				CLANG_ENABLE_OBJC_WEAK = YES;
				CLANG_WARN_BLOCK_CAPTURE_AUTORELEASING = YES;
				CLANG_WARN_BOOL_CONVERSION = YES;
				CLANG_WARN_COMMA = YES;
				CLANG_WARN_CONSTANT_CONVERSION = YES;
				CLANG_WARN_DEPRECATED_OBJC_IMPLEMENTATIONS = YES;
				CLANG_WARN_DIRECT_OBJC_ISA_USAGE = YES_ERROR;
				CLANG_WARN_DOCUMENTATION_COMMENTS = YES;
				CLANG_WARN_EMPTY_BODY = YES;
				CLANG_WARN_ENUM_CONVERSION = YES;
				CLANG_WARN_INFINITE_RECURSION = YES;
				CLANG_WARN_INT_CONVERSION = YES;
				CLANG_WARN_NON_LITERAL_NULL_CONVERSION = YES;
				CLANG_WARN_OBJC_IMPLICIT_RETAIN_SELF = YES;
				CLANG_WARN_OBJC_LITERAL_CONVERSION = YES;
				CLANG_WARN_OBJC_ROOT_CLASS = YES_ERROR;
				CLANG_WARN_QUOTED_INCLUDE_IN_FRAMEWORK_HEADER = YES;
				CLANG_WARN_RANGE_LOOP_ANALYSIS = YES;
				CLANG_WARN_STRICT_PROTOTYPES = YES;
				CLANG_WARN_SUSPICIOUS_MOVE = YES;
				CLANG_WARN_UNGUARDED_AVAILABILITY = YES_AGGRESSIVE;
				CLANG_WARN_UNREACHABLE_CODE = YES;
				CLANG_WARN__DUPLICATE_METHOD_MATCH = YES;
				COPY_PHASE_STRIP = NO;
				DEBUG_INFORMATION_FORMAT = dwarf;
				ENABLE_STRICT_OBJC_MSGSEND = YES;
				ENABLE_TESTABILITY = YES;
				ENABLE_USER_SCRIPT_SANDBOXING = YES;
				GCC_C_LANGUAGE_STANDARD = gnu17;
				GCC_DYNAMIC_NO_PIC = NO;
				GCC_NO_COMMON_BLOCKS = YES;
				GCC_OPTIMIZATION_LEVEL = 0;
				GCC_PREPROCESSOR_DEFINITIONS = (
					"DEBUG=1",
					"$(inherited)",
				);
				GCC_WARN_64_TO_32_BIT_CONVERSION = YES;
				GCC_WARN_ABOUT_RETURN_TYPE = YES_ERROR;
				GCC_WARN_UNDECLARED_SELECTOR = YES;
				GCC_WARN_UNINITIALIZED_AUTOS = YES_AGGRESSIVE;
				GCC_WARN_UNUSED_FUNCTION = YES;
				GCC_WARN_UNUSED_VARIABLE = YES;
				IPHONEOS_DEPLOYMENT_TARGET = 17.5;
				LOCALIZATION_PREFERS_STRING_CATALOGS = YES;
				MTL_ENABLE_DEBUG_INFO = INCLUDE_SOURCE;
				MTL_FAST_MATH = YES;
				ONLY_ACTIVE_ARCH = YES;
				SDKROOT = iphoneos;
				SWIFT_ACTIVE_COMPILATION_CONDITIONS = "DEBUG $(inherited)";
				SWIFT_OPTIMIZATION_LEVEL = "-Onone";
			};
			name = Debug;
		};
		95EB6E4F2C7FB786005243D3 /* Release */ = {
			isa = XCBuildConfiguration;
			buildSettings = {
				ALWAYS_SEARCH_USER_PATHS = NO;
				ASSETCATALOG_COMPILER_GENERATE_SWIFT_ASSET_SYMBOL_EXTENSIONS = YES;
				CLANG_ANALYZER_NONNULL = YES;
				CLANG_ANALYZER_NUMBER_OBJECT_CONVERSION = YES_AGGRESSIVE;
				CLANG_CXX_LANGUAGE_STANDARD = "gnu++20";
				CLANG_ENABLE_MODULES = YES;
				CLANG_ENABLE_OBJC_ARC = YES;
				CLANG_ENABLE_OBJC_WEAK = YES;
				CLANG_WARN_BLOCK_CAPTURE_AUTORELEASING = YES;
				CLANG_WARN_BOOL_CONVERSION = YES;
				CLANG_WARN_COMMA = YES;
				CLANG_WARN_CONSTANT_CONVERSION = YES;
				CLANG_WARN_DEPRECATED_OBJC_IMPLEMENTATIONS = YES;
				CLANG_WARN_DIRECT_OBJC_ISA_USAGE = YES_ERROR;
				CLANG_WARN_DOCUMENTATION_COMMENTS = YES;
				CLANG_WARN_EMPTY_BODY = YES;
				CLANG_WARN_ENUM_CONVERSION = YES;
				CLANG_WARN_INFINITE_RECURSION = YES;
				CLANG_WARN_INT_CONVERSION = YES;
				CLANG_WARN_NON_LITERAL_NULL_CONVERSION = YES;
				CLANG_WARN_OBJC_IMPLICIT_RETAIN_SELF = YES;
				CLANG_WARN_OBJC_LITERAL_CONVERSION = YES;
				CLANG_WARN_OBJC_ROOT_CLASS = YES_ERROR;
				CLANG_WARN_QUOTED_INCLUDE_IN_FRAMEWORK_HEADER = YES;
				CLANG_WARN_RANGE_LOOP_ANALYSIS = YES;
				CLANG_WARN_STRICT_PROTOTYPES = YES;
				CLANG_WARN_SUSPICIOUS_MOVE = YES;
				CLANG_WARN_UNGUARDED_AVAILABILITY = YES_AGGRESSIVE;
				CLANG_WARN_UNREACHABLE_CODE = YES;
				CLANG_WARN__DUPLICATE_METHOD_MATCH = YES;
				COPY_PHASE_STRIP = NO;
				DEBUG_INFORMATION_FORMAT = "dwarf-with-dsym";
				ENABLE_NS_ASSERTIONS = NO;
				ENABLE_STRICT_OBJC_MSGSEND = YES;
				ENABLE_USER_SCRIPT_SANDBOXING = YES;
				GCC_C_LANGUAGE_STANDARD = gnu17;
				GCC_NO_COMMON_BLOCKS = YES;
				GCC_WARN_64_TO_32_BIT_CONVERSION = YES;
				GCC_WARN_ABOUT_RETURN_TYPE = YES_ERROR;
				GCC_WARN_UNDECLARED_SELECTOR = YES;
				GCC_WARN_UNINITIALIZED_AUTOS = YES_AGGRESSIVE;
				GCC_WARN_UNUSED_FUNCTION = YES;
				GCC_WARN_UNUSED_VARIABLE = YES;
				IPHONEOS_DEPLOYMENT_TARGET = 17.5;
				LOCALIZATION_PREFERS_STRING_CATALOGS = YES;
				MTL_ENABLE_DEBUG_INFO = NO;
				MTL_FAST_MATH = YES;
				SDKROOT = iphoneos;
				SWIFT_COMPILATION_MODE = wholemodule;
				VALIDATE_PRODUCT = YES;
			};
			name = Release;
		};
		95EB6E512C7FB786005243D3 /* Debug */ = {
			isa = XCBuildConfiguration;
			buildSettings = {
				ASSETCATALOG_COMPILER_APPICON_NAME = AppIcon;
				ASSETCATALOG_COMPILER_GLOBAL_ACCENT_COLOR_NAME = AccentColor;
				CODE_SIGN_STYLE = Automatic;
				CURRENT_PROJECT_VERSION = 1;
				DEVELOPMENT_ASSET_PATHS = "\"PCPClientSwiftDemo/Preview Content\"";
				ENABLE_PREVIEWS = YES;
				GENERATE_INFOPLIST_FILE = YES;
				INFOPLIST_KEY_UIApplicationSceneManifest_Generation = YES;
				INFOPLIST_KEY_UIApplicationSupportsIndirectInputEvents = YES;
				INFOPLIST_KEY_UILaunchScreen_Generation = YES;
				INFOPLIST_KEY_UISupportedInterfaceOrientations_iPad = "UIInterfaceOrientationPortrait UIInterfaceOrientationPortraitUpsideDown UIInterfaceOrientationLandscapeLeft UIInterfaceOrientationLandscapeRight";
				INFOPLIST_KEY_UISupportedInterfaceOrientations_iPhone = "UIInterfaceOrientationPortrait UIInterfaceOrientationLandscapeLeft UIInterfaceOrientationLandscapeRight";
				LD_RUNPATH_SEARCH_PATHS = (
					"$(inherited)",
					"@executable_path/Frameworks",
				);
				MARKETING_VERSION = 1.0;
				PRODUCT_BUNDLE_IDENTIFIER = com.payone.PCPClientSwiftDemo;
				PRODUCT_NAME = "$(TARGET_NAME)";
				SWIFT_EMIT_LOC_STRINGS = YES;
				SWIFT_VERSION = 5.0;
				TARGETED_DEVICE_FAMILY = "1,2";
			};
			name = Debug;
		};
		95EB6E522C7FB786005243D3 /* Release */ = {
			isa = XCBuildConfiguration;
			buildSettings = {
				ASSETCATALOG_COMPILER_APPICON_NAME = AppIcon;
				ASSETCATALOG_COMPILER_GLOBAL_ACCENT_COLOR_NAME = AccentColor;
				CODE_SIGN_STYLE = Automatic;
				CURRENT_PROJECT_VERSION = 1;
				DEVELOPMENT_ASSET_PATHS = "\"PCPClientSwiftDemo/Preview Content\"";
				ENABLE_PREVIEWS = YES;
				GENERATE_INFOPLIST_FILE = YES;
				INFOPLIST_KEY_UIApplicationSceneManifest_Generation = YES;
				INFOPLIST_KEY_UIApplicationSupportsIndirectInputEvents = YES;
				INFOPLIST_KEY_UILaunchScreen_Generation = YES;
				INFOPLIST_KEY_UISupportedInterfaceOrientations_iPad = "UIInterfaceOrientationPortrait UIInterfaceOrientationPortraitUpsideDown UIInterfaceOrientationLandscapeLeft UIInterfaceOrientationLandscapeRight";
				INFOPLIST_KEY_UISupportedInterfaceOrientations_iPhone = "UIInterfaceOrientationPortrait UIInterfaceOrientationLandscapeLeft UIInterfaceOrientationLandscapeRight";
				LD_RUNPATH_SEARCH_PATHS = (
					"$(inherited)",
					"@executable_path/Frameworks",
				);
				MARKETING_VERSION = 1.0;
				PRODUCT_BUNDLE_IDENTIFIER = com.payone.PCPClientSwiftDemo;
				PRODUCT_NAME = "$(TARGET_NAME)";
				SWIFT_EMIT_LOC_STRINGS = YES;
				SWIFT_VERSION = 5.0;
				TARGETED_DEVICE_FAMILY = "1,2";
			};
			name = Release;
		};
/* End XCBuildConfiguration section */

/* Begin XCConfigurationList section */
		95EB6E3D2C7FB785005243D3 /* Build configuration list for PBXProject "PCPClientSwiftDemo" */ = {
			isa = XCConfigurationList;
			buildConfigurations = (
				95EB6E4E2C7FB786005243D3 /* Debug */,
				95EB6E4F2C7FB786005243D3 /* Release */,
			);
			defaultConfigurationIsVisible = 0;
			defaultConfigurationName = Release;
		};
		95EB6E502C7FB786005243D3 /* Build configuration list for PBXNativeTarget "PCPClientSwiftDemo" */ = {
			isa = XCConfigurationList;
			buildConfigurations = (
				95EB6E512C7FB786005243D3 /* Debug */,
				95EB6E522C7FB786005243D3 /* Release */,
			);
			defaultConfigurationIsVisible = 0;
			defaultConfigurationName = Release;
		};
/* End XCConfigurationList section */

/* Begin XCLocalSwiftPackageReference section */
		D6CFD5C12E24F76300A993E7 /* XCLocalSwiftPackageReference "../../../PCP-client-iOS-SDK" */ = {
			isa = XCLocalSwiftPackageReference;
			relativePath = "../../../PCP-client-iOS-SDK";
		};
/* End XCLocalSwiftPackageReference section */

/* Begin XCRemoteSwiftPackageReference section */
		D63D9CEE2E856C24004A8F35 /* XCRemoteSwiftPackageReference "paypal-ios" */ = {
			isa = XCRemoteSwiftPackageReference;
			repositoryURL = "https://github.com/paypal/paypal-ios/";
			requirement = {
				kind = upToNextMajorVersion;
				minimumVersion = 2.0.0;
			};
		};
/* End XCRemoteSwiftPackageReference section */

/* Begin XCSwiftPackageProductDependency section */
		D60421C72E24F9860008424F /* PCPClient */ = {
			isa = XCSwiftPackageProductDependency;
			productName = PCPClient;
		};
		D60421C92E24F9860008424F /* PCPClientBridge */ = {
			isa = XCSwiftPackageProductDependency;
			productName = PCPClientBridge;
		};
		D60421CB2E24FA7E0008424F /* PCPClient */ = {
			isa = XCSwiftPackageProductDependency;
			productName = PCPClient;
		};
		D60421CD2E24FA7E0008424F /* PCPClientBridge */ = {
			isa = XCSwiftPackageProductDependency;
			productName = PCPClientBridge;
		};
		D63D9CEF2E856C24004A8F35 /* CorePayments */ = {
			isa = XCSwiftPackageProductDependency;
			package = D63D9CEE2E856C24004A8F35 /* XCRemoteSwiftPackageReference "paypal-ios" */;
			productName = CorePayments;
		};
		D63D9CF12E856C24004A8F35 /* FraudProtection */ = {
			isa = XCSwiftPackageProductDependency;
			package = D63D9CEE2E856C24004A8F35 /* XCRemoteSwiftPackageReference "paypal-ios" */;
			productName = FraudProtection;
		};
		D63D9CF32E856C24004A8F35 /* PayPalWebPayments */ = {
			isa = XCSwiftPackageProductDependency;
			package = D63D9CEE2E856C24004A8F35 /* XCRemoteSwiftPackageReference "paypal-ios" */;
			productName = PayPalWebPayments;
		};
		D63D9CF52E856C24004A8F35 /* PaymentButtons */ = {
			isa = XCSwiftPackageProductDependency;
			package = D63D9CEE2E856C24004A8F35 /* XCRemoteSwiftPackageReference "paypal-ios" */;
			productName = PaymentButtons;
		};
/* End XCSwiftPackageProductDependency section */
	};
	rootObject = 95EB6E3A2C7FB785005243D3 /* Project object */;
}
