{
  "originHash" : "eb6eaa6c43415eb7dd6b6e06a7f1e51ca0946ad2a17038f3ed0e8b0e186e5d7c",
  "pins" : [
    {
      "identity" : "paypal-ios",
      "kind" : "remoteSourceControl",
      "location" : "https://github.com/paypal/paypal-ios/",
      "state" : {
        "revision" : "05582d305d28f97de7f700c4c33113031b43f6c8",
        "version" : "2.0.0"
      }
    }
  ],
  "version" : 3
}
