{
  "originHash" : "1987b6f34f603103c0ce4093ec51d92d8fcf05714f267e13d9163af6f5754de0",
  "pins" : [
    {
      "identity" : "paypal-ios",
      "kind" : "remoteSourceControl",
      "location" : "https://github.com/paypal/paypal-ios/",
      "state" : {
        "revision" : "05582d305d28f97de7f700c4c33113031b43f6c8",
        "version" : "2.0.0"
      }
    }
  ],
  "version" : 3
}
